
Microsoft Visual Studio Solution File, Format Version 12.00
# Visual Studio Version 16
VisualStudioVersion = 16.0.30011.22
MinimumVisualStudioVersion = 10.0.40219.1
Project("{FAE04EC0-301F-11D3-BF4B-00C04F79EFBC}") = "Lab_1_3", "Lab_1_3\Lab_1_3.csproj", "{A56461F4-DA29-4C3E-B5E4-B0D434895503}"
EndProject
Global
	GlobalSection(SolutionConfigurationPlatforms) = preSolution
		Debug|Any CPU = Debug|Any CPU
		Release|Any CPU = Release|Any CPU
	EndGlobalSection
	GlobalSection(ProjectConfigurationPlatforms) = postSolution
		{A56461F4-DA29-4C3E-B5E4-B0D434895503}.Debug|Any CPU.ActiveCfg = Debug|Any CPU
		{A56461F4-DA29-4C3E-B5E4-B0D434895503}.Debug|Any CPU.Build.0 = Debug|Any CPU
		{A56461F4-DA29-4C3E-B5E4-B0D434895503}.Release|Any CPU.ActiveCfg = Release|Any CPU
		{A56461F4-DA29-4C3E-B5E4-B0D434895503}.Release|Any CPU.Build.0 = Release|Any CPU
	EndGlobalSection
	GlobalSection(SolutionProperties) = preSolution
		HideSolutionNode = FALSE
	EndGlobalSection
	GlobalSection(ExtensibilityGlobals) = postSolution
		SolutionGuid = {46773994-523A-450B-BC02-54F136788CF3}
	EndGlobalSection
EndGlobal
